Microsoft Visual Studio Solution File, Format Version 11.00
# Visual Studio 2008

Project("{99E25839-05AA-D3D3-56C2-CA06A2E7A1A8}") = "Karts-master", "Assembly-CSharp-firstpass-vs.csproj", "{F4ADF054-2F25-99C3-E58A-15BFA087C1D2}"
EndProject
Project("{99E25839-05AA-D3D3-56C2-CA06A2E7A1A8}") = "Karts-master", "Assembly-CSharp-vs.csproj", "{1058FB43-1038-6CF1-780D-4128E21CEC2F}"
EndProject
Project("{99E25839-05AA-D3D3-56C2-CA06A2E7A1A8}") = "Karts-master", "Assembly-CSharp-Editor-vs.csproj", "{EB085206-FAA4-6376-BB49-F8D2B127E1BA}"
EndProject
Global
	GlobalSection(SolutionConfigurationPlatforms) = preSolution
		Debug|Any CPU = Debug|Any CPU
		Release|Any CPU = Release|Any CPU
	EndGlobalSection
	GlobalSection(ProjectConfigurationPlatforms) = postSolution
		{F4ADF054-2F25-99C3-E58A-15BFA087C1D2}.Debug|Any CPU.ActiveCfg = Debug|Any CPU
		{F4ADF054-2F25-99C3-E58A-15BFA087C1D2}.Debug|Any CPU.Build.0 = Debug|Any CPU
		{F4ADF054-2F25-99C3-E58A-15BFA087C1D2}.Release|Any CPU.ActiveCfg = Release|Any CPU
		{F4ADF054-2F25-99C3-E58A-15BFA087C1D2}.Release|Any CPU.Build.0 = Release|Any CPU
		{1058FB43-1038-6CF1-780D-4128E21CEC2F}.Debug|Any CPU.ActiveCfg = Debug|Any CPU
		{1058FB43-1038-6CF1-780D-4128E21CEC2F}.Debug|Any CPU.Build.0 = Debug|Any CPU
		{1058FB43-1038-6CF1-780D-4128E21CEC2F}.Release|Any CPU.ActiveCfg = Release|Any CPU
		{1058FB43-1038-6CF1-780D-4128E21CEC2F}.Release|Any CPU.Build.0 = Release|Any CPU
		{EB085206-FAA4-6376-BB49-F8D2B127E1BA}.Debug|Any CPU.ActiveCfg = Debug|Any CPU
		{EB085206-FAA4-6376-BB49-F8D2B127E1BA}.Debug|Any CPU.Build.0 = Debug|Any CPU
		{EB085206-FAA4-6376-BB49-F8D2B127E1BA}.Release|Any CPU.ActiveCfg = Release|Any CPU
		{EB085206-FAA4-6376-BB49-F8D2B127E1BA}.Release|Any CPU.Build.0 = Release|Any CPU
	EndGlobalSection
	GlobalSection(SolutionProperties) = preSolution
		HideSolutionNode = FALSE
	EndGlobalSection
																									GlobalSection(MonoDevelopProperties) = preSolution
		StartupItem = Assembly-CSharp.csproj
		Policies = $0
		$0.TextStylePolicy = $1
		$1.inheritsSet = null
		$1.scope = text/x-csharp
		$0.CSharpFormattingPolicy = $2
		$2.inheritsSet = Mono
		$2.inheritsScope = text/x-csharp
		$2.scope = text/x-csharp
		$0.TextStylePolicy = $3
		$3.FileWidth = 120
		$3.TabWidth = 4
		$3.IndentWidth = 4
		$3.EolMarker = Unix
		$3.inheritsSet = Mono
		$3.inheritsScope = text/plain
		$3.scope = text/plain
	EndGlobalSection

EndGlobal
